
Microsoft Visual Studio Solution File, Format Version 12.00
# Visual Studio Version 16
VisualStudioVersion = 16.0.30503.244
MinimumVisualStudioVersion = 10.0.40219.1
Project("{9092AA53-FB77-4645-B42D-1CCCA6BD08BD}") = "GeoJson2Shp", "GeoJson2Shp.njsproj", "{FE4B0AA9-C3F1-4A52-BB82-43AFCCFDC770}"
EndProject
Global
	GlobalSection(SolutionConfigurationPlatforms) = preSolution
		Debug|Any CPU = Debug|Any CPU
		Release|Any CPU = Release|Any CPU
	EndGlobalSection
	GlobalSection(ProjectConfigurationPlatforms) = postSolution
		{FE4B0AA9-C3F1-4A52-BB82-43AFCCFDC770}.Debug|Any CPU.ActiveCfg = Debug|Any CPU
		{FE4B0AA9-C3F1-4A52-BB82-43AFCCFDC770}.Debug|Any CPU.Build.0 = Debug|Any CPU
		{FE4B0AA9-C3F1-4A52-BB82-43AFCCFDC770}.Release|Any CPU.ActiveCfg = Release|Any CPU
		{FE4B0AA9-C3F1-4A52-BB82-43AFCCFDC770}.Release|Any CPU.Build.0 = Release|Any CPU
	EndGlobalSection
	GlobalSection(SolutionProperties) = preSolution
		HideSolutionNode = FALSE
	EndGlobalSection
	GlobalSection(ExtensibilityGlobals) = postSolution
		SolutionGuid = {782FC345-A6F6-4EFF-B2B4-98D21905428A}
	EndGlobalSection
EndGlobal
